// !$*UTF8*$!
{
	archiveVersion = 1;
	classes = {
	};
	objectVersion = 46;
	objects = {

/* Begin PBXBuildFile section */
		2D305A0965814BE48C042B7A /* libPods.a in Frameworks */ = {isa = PBXBuildFile; fileRef = BFC9A89D9C664C748C17B06E /* libPods.a */; };
		3A1A503919E2004D005AFD4C /* Int+Extentions.swift in Sources */ = {isa = PBXBuildFile; fileRef = 3A1A503819E2004D005AFD4C /* Int+Extentions.swift */; };
		3A44F9E719DA8CC100CC8FB7 /* URL.swift in Sources */ = {isa = PBXBuildFile; fileRef = 3A44F9E619DA8CC100CC8FB7 /* URL.swift */; };
		3A44F9EE19DBC39A00CC8FB7 /* ImageViewController.swift in Sources */ = {isa = PBXBuildFile; fileRef = 3A44F9EC19DBC39A00CC8FB7 /* ImageViewController.swift */; };
		3A44F9EF19DBC39A00CC8FB7 /* ImageViewController.xib in Resources */ = {isa = PBXBuildFile; fileRef = 3A44F9ED19DBC39A00CC8FB7 /* ImageViewController.xib */; };
		3A4896EC19D8E0B4008E522C /* StatusArray.swift in Sources */ = {isa = PBXBuildFile; fileRef = 3A4896EB19D8E0B4008E522C /* StatusArray.swift */; };
		3A4896EF19D8F849008E522C /* ProgressTableViewCell.xib in Resources */ = {isa = PBXBuildFile; fileRef = 3A4896ED19D8F849008E522C /* ProgressTableViewCell.xib */; };
		3A4896F019D8F849008E522C /* ProgressTableViewCell.swift in Sources */ = {isa = PBXBuildFile; fileRef = 3A4896EE19D8F849008E522C /* ProgressTableViewCell.swift */; };
		3A4896F219D8FED0008E522C /* NSDate+Extentions.swift in Sources */ = {isa = PBXBuildFile; fileRef = 3A4896F119D8FED0008E522C /* NSDate+Extentions.swift */; };
		3A660E7619E35BDB00D7E952 /* LaunchScreen.xib in Resources */ = {isa = PBXBuildFile; fileRef = 3A660E7519E35BDB00D7E952 /* LaunchScreen.xib */; };
		3A9D8F4919D79159009B741A /* UIImageView+Extensions.swift in Sources */ = {isa = PBXBuildFile; fileRef = 3A9D8F4819D79159009B741A /* UIImageView+Extensions.swift */; };
		3A9D8F4B19D79216009B741A /* NSURL+Extensions.swift in Sources */ = {isa = PBXBuildFile; fileRef = 3A9D8F4A19D79216009B741A /* NSURL+Extensions.swift */; };
		3AA789FB19E08B8800404C9F /* ContainerViewController.swift in Sources */ = {isa = PBXBuildFile; fileRef = 3AA789F919E08B8800404C9F /* ContainerViewController.swift */; };
		3AA789FC19E08B8800404C9F /* ContainerViewController.xib in Resources */ = {isa = PBXBuildFile; fileRef = 3AA789FA19E08B8800404C9F /* ContainerViewController.xib */; };
		3AA789FF19E08BF600404C9F /* MenuViewController.swift in Sources */ = {isa = PBXBuildFile; fileRef = 3AA789FD19E08BF600404C9F /* MenuViewController.swift */; };
		3AA78A0019E08BF600404C9F /* MenuViewController.xib in Resources */ = {isa = PBXBuildFile; fileRef = 3AA789FE19E08BF600404C9F /* MenuViewController.xib */; };
		3AA78A0319E0D2CD00404C9F /* TimelineViewController.swift in Sources */ = {isa = PBXBuildFile; fileRef = 3AA78A0119E0D2CD00404C9F /* TimelineViewController.swift */; };
		3AA78A0419E0D2CD00404C9F /* TimelineViewController.xib in Resources */ = {isa = PBXBuildFile; fileRef = 3AA78A0219E0D2CD00404C9F /* TimelineViewController.xib */; };
		3AA78A0619E0E90A00404C9F /* ProfileHeaderView.swift in Sources */ = {isa = PBXBuildFile; fileRef = 3AA78A0519E0E90A00404C9F /* ProfileHeaderView.swift */; };
		3AA78A0819E0E92500404C9F /* ProfileHeaderView.xib in Resources */ = {isa = PBXBuildFile; fileRef = 3AA78A0719E0E92500404C9F /* ProfileHeaderView.xib */; };
		3AE56B1619D292C9000CF0CB /* AppDelegate.swift in Sources */ = {isa = PBXBuildFile; fileRef = 3AE56B1519D292C9000CF0CB /* AppDelegate.swift */; };
		3AE56B1D19D292C9000CF0CB /* Images.xcassets in Resources */ = {isa = PBXBuildFile; fileRef = 3AE56B1C19D292C9000CF0CB /* Images.xcassets */; };
		3AE56B2C19D292CA000CF0CB /* TwitterLiteTests.swift in Sources */ = {isa = PBXBuildFile; fileRef = 3AE56B2B19D292CA000CF0CB /* TwitterLiteTests.swift */; };
		3AE56B3819D29455000CF0CB /* TweetTableViewCell.swift in Sources */ = {isa = PBXBuildFile; fileRef = 3AE56B3619D29455000CF0CB /* TweetTableViewCell.swift */; };
		3AE56B3919D29455000CF0CB /* TweetTableViewCell.xib in Resources */ = {isa = PBXBuildFile; fileRef = 3AE56B3719D29455000CF0CB /* TweetTableViewCell.xib */; };
		3AE56B4819D408CE000CF0CB /* TweetItemViewController.swift in Sources */ = {isa = PBXBuildFile; fileRef = 3AE56B4619D408CE000CF0CB /* TweetItemViewController.swift */; };
		3AE56B4919D408CE000CF0CB /* TweetItemViewController.xib in Resources */ = {isa = PBXBuildFile; fileRef = 3AE56B4719D408CE000CF0CB /* TweetItemViewController.xib */; };
		3AE56B4C19D4135E000CF0CB /* LogInViewController.swift in Sources */ = {isa = PBXBuildFile; fileRef = 3AE56B4A19D4135E000CF0CB /* LogInViewController.swift */; };
		3AE56B4D19D4135E000CF0CB /* LogInViewController.xib in Resources */ = {isa = PBXBuildFile; fileRef = 3AE56B4B19D4135E000CF0CB /* LogInViewController.xib */; };
		3AE56B5019D4C54C000CF0CB /* ComposeViewController.swift in Sources */ = {isa = PBXBuildFile; fileRef = 3AE56B4E19D4C54C000CF0CB /* ComposeViewController.swift */; };
		3AE56B5119D4C54C000CF0CB /* ComposeViewController.xib in Resources */ = {isa = PBXBuildFile; fileRef = 3AE56B4F19D4C54C000CF0CB /* ComposeViewController.xib */; };
		3AE56B5619D54DAD000CF0CB /* TwitterLiteClient.swift in Sources */ = {isa = PBXBuildFile; fileRef = 3AE56B5519D54DAD000CF0CB /* TwitterLiteClient.swift */; };
		3AE78DC319D6549200C008EF /* Status.swift in Sources */ = {isa = PBXBuildFile; fileRef = 3AE78DC219D6549200C008EF /* Status.swift */; };
		3AE78DC519D6558A00C008EF /* User.swift in Sources */ = {isa = PBXBuildFile; fileRef = 3AE78DC419D6558A00C008EF /* User.swift */; };
		3AE78DD819D6836600C008EF /* JsonDiskCache.m in Sources */ = {isa = PBXBuildFile; fileRef = 3AE78DD719D6836600C008EF /* JsonDiskCache.m */; };
		3AFA8E7319E1E1A100FE0065 /* CoreImage.framework in Frameworks */ = {isa = PBXBuildFile; fileRef = 3AFA8E7219E1E1A100FE0065 /* CoreImage.framework */; };
/* End PBXBuildFile section */

/* Begin PBXContainerItemProxy section */
		3AE56B2619D292CA000CF0CB /* PBXContainerItemProxy */ = {
			isa = PBXContainerItemProxy;
			containerPortal = 3AE56B0819D292C9000CF0CB /* Project object */;
			proxyType = 1;
			remoteGlobalIDString = 3AE56B0F19D292C9000CF0CB;
			remoteInfo = TwitterLite;
		};
/* End PBXContainerItemProxy section */

/* Begin PBXFileReference section */
		3A1A503819E2004D005AFD4C /* Int+Extentions.swift */ = {isa = PBXFileReference; fileEncoding = 4; lastKnownFileType = sourcecode.swift; path = "Int+Extentions.swift"; sourceTree = "<group>"; };
		3A44F9E619DA8CC100CC8FB7 /* URL.swift */ = {isa = PBXFileReference; fileEncoding = 4; lastKnownFileType = sourcecode.swift; path = URL.swift; sourceTree = "<group>"; };
		3A44F9EC19DBC39A00CC8FB7 /* ImageViewController.swift */ = {isa = PBXFileReference; fileEncoding = 4; lastKnownFileType = sourcecode.swift; path = ImageViewController.swift; sourceTree = "<group>"; };
		3A44F9ED19DBC39A00CC8FB7 /* ImageViewController.xib */ = {isa = PBXFileReference; fileEncoding = 4; lastKnownFileType = file.xib; path = ImageViewController.xib; sourceTree = "<group>"; };
		3A4896EB19D8E0B4008E522C /* StatusArray.swift */ = {isa = PBXFileReference; fileEncoding = 4; lastKnownFileType = sourcecode.swift; path = StatusArray.swift; sourceTree = "<group>"; };
		3A4896ED19D8F849008E522C /* ProgressTableViewCell.xib */ = {isa = PBXFileReference; fileEncoding = 4; lastKnownFileType = file.xib; path = ProgressTableViewCell.xib; sourceTree = "<group>"; };
		3A4896EE19D8F849008E522C /* ProgressTableViewCell.swift */ = {isa = PBXFileReference; fileEncoding = 4; lastKnownFileType = sourcecode.swift; path = ProgressTableViewCell.swift; sourceTree = "<group>"; };
		3A4896F119D8FED0008E522C /* NSDate+Extentions.swift */ = {isa = PBXFileReference; fileEncoding = 4; lastKnownFileType = sourcecode.swift; path = "NSDate+Extentions.swift"; sourceTree = "<group>"; };
		3A660E7519E35BDB00D7E952 /* LaunchScreen.xib */ = {isa = PBXFileReference; fileEncoding = 4; lastKnownFileType = file.xib; path = LaunchScreen.xib; sourceTree = "<group>"; };
		3A9D8F4819D79159009B741A /* UIImageView+Extensions.swift */ = {isa = PBXFileReference; fileEncoding = 4; lastKnownFileType = sourcecode.swift; path = "UIImageView+Extensions.swift"; sourceTree = "<group>"; };
		3A9D8F4A19D79216009B741A /* NSURL+Extensions.swift */ = {isa = PBXFileReference; fileEncoding = 4; lastKnownFileType = sourcecode.swift; path = "NSURL+Extensions.swift"; sourceTree = "<group>"; };
		3AA789F919E08B8800404C9F /* ContainerViewController.swift */ = {isa = PBXFileReference; fileEncoding = 4; lastKnownFileType = sourcecode.swift; path = ContainerViewController.swift; sourceTree = "<group>"; };
		3AA789FA19E08B8800404C9F /* ContainerViewController.xib */ = {isa = PBXFileReference; fileEncoding = 4; lastKnownFileType = file.xib; path = ContainerViewController.xib; sourceTree = "<group>"; };
		3AA789FD19E08BF600404C9F /* MenuViewController.swift */ = {isa = PBXFileReference; fileEncoding = 4; lastKnownFileType = sourcecode.swift; path = MenuViewController.swift; sourceTree = "<group>"; };
		3AA789FE19E08BF600404C9F /* MenuViewController.xib */ = {isa = PBXFileReference; fileEncoding = 4; lastKnownFileType = file.xib; path = MenuViewController.xib; sourceTree = "<group>"; };
		3AA78A0119E0D2CD00404C9F /* TimelineViewController.swift */ = {isa = PBXFileReference; fileEncoding = 4; lastKnownFileType = sourcecode.swift; path = TimelineViewController.swift; sourceTree = "<group>"; };
		3AA78A0219E0D2CD00404C9F /* TimelineViewController.xib */ = {isa = PBXFileReference; fileEncoding = 4; lastKnownFileType = file.xib; path = TimelineViewController.xib; sourceTree = "<group>"; };
		3AA78A0519E0E90A00404C9F /* ProfileHeaderView.swift */ = {isa = PBXFileReference; fileEncoding = 4; lastKnownFileType = sourcecode.swift; path = ProfileHeaderView.swift; sourceTree = "<group>"; };
		3AA78A0719E0E92500404C9F /* ProfileHeaderView.xib */ = {isa = PBXFileReference; fileEncoding = 4; lastKnownFileType = file.xib; path = ProfileHeaderView.xib; sourceTree = "<group>"; };
		3AE56B1019D292C9000CF0CB /* TwitterLite.app */ = {isa = PBXFileReference; explicitFileType = wrapper.application; includeInIndex = 0; path = TwitterLite.app; sourceTree = BUILT_PRODUCTS_DIR; };
		3AE56B1419D292C9000CF0CB /* Info.plist */ = {isa = PBXFileReference; lastKnownFileType = text.plist.xml; path = Info.plist; sourceTree = "<group>"; };
		3AE56B1519D292C9000CF0CB /* AppDelegate.swift */ = {isa = PBXFileReference; lastKnownFileType = sourcecode.swift; path = AppDelegate.swift; sourceTree = "<group>"; };
		3AE56B1C19D292C9000CF0CB /* Images.xcassets */ = {isa = PBXFileReference; lastKnownFileType = folder.assetcatalog; path = Images.xcassets; sourceTree = "<group>"; };
		3AE56B2519D292CA000CF0CB /* TwitterLiteTests.xctest */ = {isa = PBXFileReference; explicitFileType = wrapper.cfbundle; includeInIndex = 0; path = TwitterLiteTests.xctest; sourceTree = BUILT_PRODUCTS_DIR; };
		3AE56B2A19D292CA000CF0CB /* Info.plist */ = {isa = PBXFileReference; lastKnownFileType = text.plist.xml; path = Info.plist; sourceTree = "<group>"; };
		3AE56B2B19D292CA000CF0CB /* TwitterLiteTests.swift */ = {isa = PBXFileReference; lastKnownFileType = sourcecode.swift; path = TwitterLiteTests.swift; sourceTree = "<group>"; };
		3AE56B3619D29455000CF0CB /* TweetTableViewCell.swift */ = {isa = PBXFileReference; fileEncoding = 4; lastKnownFileType = sourcecode.swift; path = TweetTableViewCell.swift; sourceTree = "<group>"; };
		3AE56B3719D29455000CF0CB /* TweetTableViewCell.xib */ = {isa = PBXFileReference; fileEncoding = 4; lastKnownFileType = file.xib; path = TweetTableViewCell.xib; sourceTree = "<group>"; };
		3AE56B4619D408CE000CF0CB /* TweetItemViewController.swift */ = {isa = PBXFileReference; fileEncoding = 4; lastKnownFileType = sourcecode.swift; path = TweetItemViewController.swift; sourceTree = "<group>"; };
		3AE56B4719D408CE000CF0CB /* TweetItemViewController.xib */ = {isa = PBXFileReference; fileEncoding = 4; lastKnownFileType = file.xib; path = TweetItemViewController.xib; sourceTree = "<group>"; };
		3AE56B4A19D4135E000CF0CB /* LogInViewController.swift */ = {isa = PBXFileReference; fileEncoding = 4; lastKnownFileType = sourcecode.swift; path = LogInViewController.swift; sourceTree = "<group>"; };
		3AE56B4B19D4135E000CF0CB /* LogInViewController.xib */ = {isa = PBXFileReference; fileEncoding = 4; lastKnownFileType = file.xib; path = LogInViewController.xib; sourceTree = "<group>"; };
		3AE56B4E19D4C54C000CF0CB /* ComposeViewController.swift */ = {isa = PBXFileReference; fileEncoding = 4; lastKnownFileType = sourcecode.swift; path = ComposeViewController.swift; sourceTree = "<group>"; };
		3AE56B4F19D4C54C000CF0CB /* ComposeViewController.xib */ = {isa = PBXFileReference; fileEncoding = 4; lastKnownFileType = file.xib; path = ComposeViewController.xib; sourceTree = "<group>"; };
		3AE56B5519D54DAD000CF0CB /* TwitterLiteClient.swift */ = {isa = PBXFileReference; fileEncoding = 4; lastKnownFileType = sourcecode.swift; path = TwitterLiteClient.swift; sourceTree = "<group>"; };
		3AE56B5719D54E22000CF0CB /* TwitterLite-Bridging-Header.h */ = {isa = PBXFileReference; lastKnownFileType = sourcecode.c.h; path = "TwitterLite-Bridging-Header.h"; sourceTree = "<group>"; };
		3AE78DC219D6549200C008EF /* Status.swift */ = {isa = PBXFileReference; fileEncoding = 4; lastKnownFileType = sourcecode.swift; path = Status.swift; sourceTree = "<group>"; };
		3AE78DC419D6558A00C008EF /* User.swift */ = {isa = PBXFileReference; fileEncoding = 4; lastKnownFileType = sourcecode.swift; path = User.swift; sourceTree = "<group>"; };
		3AE78DD719D6836600C008EF /* JsonDiskCache.m */ = {isa = PBXFileReference; fileEncoding = 4; lastKnownFileType = sourcecode.c.objc; path = JsonDiskCache.m; sourceTree = "<group>"; };
		3AE78DD919D6839100C008EF /* JsonDiskCache.h */ = {isa = PBXFileReference; fileEncoding = 4; lastKnownFileType = sourcecode.c.h; path = JsonDiskCache.h; sourceTree = "<group>"; };
		3AFA8E7219E1E1A100FE0065 /* CoreImage.framework */ = {isa = PBXFileReference; lastKnownFileType = wrapper.framework; name = CoreImage.framework; path = System/Library/Frameworks/CoreImage.framework; sourceTree = SDKROOT; };
		90498C6D4447471C889746A6 /* Pods.xcconfig */ = {isa = PBXFileReference; includeInIndex = 1; lastKnownFileType = text.xcconfig; name = Pods.xcconfig; path = Pods/Pods.xcconfig; sourceTree = "<group>"; };
		BFC9A89D9C664C748C17B06E /* libPods.a */ = {isa = PBXFileReference; explicitFileType = archive.ar; includeInIndex = 0; path = libPods.a; sourceTree = BUILT_PRODUCTS_DIR; };
/* End PBXFileReference section */

/* Begin PBXFrameworksBuildPhase section */
		3AE56B0D19D292C9000CF0CB /* Frameworks */ = {
			isa = PBXFrameworksBuildPhase;
			buildActionMask = 2147483647;
			files = (
				3AFA8E7319E1E1A100FE0065 /* CoreImage.framework in Frameworks */,
				2D305A0965814BE48C042B7A /* libPods.a in Frameworks */,
			);
			runOnlyForDeploymentPostprocessing = 0;
		};
		3AE56B2219D292CA000CF0CB /* Frameworks */ = {
			isa = PBXFrameworksBuildPhase;
			buildActionMask = 2147483647;
			files = (
			);
			runOnlyForDeploymentPostprocessing = 0;
		};
/* End PBXFrameworksBuildPhase section */

/* Begin PBXGroup section */
		3A9D8F4719D79054009B741A /* Util */ = {
			isa = PBXGroup;
			children = (
				3A9D8F4819D79159009B741A /* UIImageView+Extensions.swift */,
				3A9D8F4A19D79216009B741A /* NSURL+Extensions.swift */,
				3A4896F119D8FED0008E522C /* NSDate+Extentions.swift */,
				3A1A503819E2004D005AFD4C /* Int+Extentions.swift */,
			);
			name = Util;
			sourceTree = "<group>";
		};
		3AE56B0719D292C9000CF0CB = {
			isa = PBXGroup;
			children = (
				3AE56B1219D292C9000CF0CB /* TwitterLite */,
				3AE56B2819D292CA000CF0CB /* TwitterLiteTests */,
				3AE56B1119D292C9000CF0CB /* Products */,
				90498C6D4447471C889746A6 /* Pods.xcconfig */,
				E77ACA8BC8834284B68173DE /* Frameworks */,
			);
			sourceTree = "<group>";
		};
		3AE56B1119D292C9000CF0CB /* Products */ = {
			isa = PBXGroup;
			children = (
				3AE56B1019D292C9000CF0CB /* TwitterLite.app */,
				3AE56B2519D292CA000CF0CB /* TwitterLiteTests.xctest */,
			);
			name = Products;
			sourceTree = "<group>";
		};
		3AE56B1219D292C9000CF0CB /* TwitterLite */ = {
			isa = PBXGroup;
			children = (
				3A660E7519E35BDB00D7E952 /* LaunchScreen.xib */,
				3A9D8F4719D79054009B741A /* Util */,
				3AE56B5419D54A99000CF0CB /* API */,
				3AE56B3D19D3B9D4000CF0CB /* Models */,
				3AE56B3519D29429000CF0CB /* Views */,
				3AE56B3A19D2945B000CF0CB /* ViewControllers */,
				3AE56B1519D292C9000CF0CB /* AppDelegate.swift */,
				3AE56B1C19D292C9000CF0CB /* Images.xcassets */,
				3AE56B1319D292C9000CF0CB /* Supporting Files */,
			);
			path = TwitterLite;
			sourceTree = "<group>";
		};
		3AE56B1319D292C9000CF0CB /* Supporting Files */ = {
			isa = PBXGroup;
			children = (
				3AE56B1419D292C9000CF0CB /* Info.plist */,
			);
			name = "Supporting Files";
			sourceTree = "<group>";
		};
		3AE56B2819D292CA000CF0CB /* TwitterLiteTests */ = {
			isa = PBXGroup;
			children = (
				3AE56B2B19D292CA000CF0CB /* TwitterLiteTests.swift */,
				3AE56B2919D292CA000CF0CB /* Supporting Files */,
			);
			path = TwitterLiteTests;
			sourceTree = "<group>";
		};
		3AE56B2919D292CA000CF0CB /* Supporting Files */ = {
			isa = PBXGroup;
			children = (
				3AE56B2A19D292CA000CF0CB /* Info.plist */,
			);
			name = "Supporting Files";
			sourceTree = "<group>";
		};
		3AE56B3519D29429000CF0CB /* Views */ = {
			isa = PBXGroup;
			children = (
				3AE56B4B19D4135E000CF0CB /* LogInViewController.xib */,
				3AA789FA19E08B8800404C9F /* ContainerViewController.xib */,
				3AA789FE19E08BF600404C9F /* MenuViewController.xib */,
				3AA78A0219E0D2CD00404C9F /* TimelineViewController.xib */,
				3AE56B3719D29455000CF0CB /* TweetTableViewCell.xib */,
				3AE56B4719D408CE000CF0CB /* TweetItemViewController.xib */,
				3AE56B4F19D4C54C000CF0CB /* ComposeViewController.xib */,
				3A4896ED19D8F849008E522C /* ProgressTableViewCell.xib */,
				3A44F9ED19DBC39A00CC8FB7 /* ImageViewController.xib */,
				3AA78A0719E0E92500404C9F /* ProfileHeaderView.xib */,
			);
			name = Views;
			sourceTree = "<group>";
		};
		3AE56B3A19D2945B000CF0CB /* ViewControllers */ = {
			isa = PBXGroup;
			children = (
				3AE56B4A19D4135E000CF0CB /* LogInViewController.swift */,
				3AA789F919E08B8800404C9F /* ContainerViewController.swift */,
				3AA789FD19E08BF600404C9F /* MenuViewController.swift */,
				3AA78A0119E0D2CD00404C9F /* TimelineViewController.swift */,
				3AE56B3619D29455000CF0CB /* TweetTableViewCell.swift */,
				3AE56B4619D408CE000CF0CB /* TweetItemViewController.swift */,
				3AE56B4E19D4C54C000CF0CB /* ComposeViewController.swift */,
				3A4896EE19D8F849008E522C /* ProgressTableViewCell.swift */,
				3A44F9EC19DBC39A00CC8FB7 /* ImageViewController.swift */,
				3AA78A0519E0E90A00404C9F /* ProfileHeaderView.swift */,
			);
			name = ViewControllers;
			sourceTree = "<group>";
		};
		3AE56B3D19D3B9D4000CF0CB /* Models */ = {
			isa = PBXGroup;
			children = (
				3AE78DC419D6558A00C008EF /* User.swift */,
				3AE78DC219D6549200C008EF /* Status.swift */,
				3A4896EB19D8E0B4008E522C /* StatusArray.swift */,
				3A44F9E619DA8CC100CC8FB7 /* URL.swift */,
			);
			name = Models;
			sourceTree = "<group>";
		};
		3AE56B5419D54A99000CF0CB /* API */ = {
			isa = PBXGroup;
			children = (
				3AE56B5519D54DAD000CF0CB /* TwitterLiteClient.swift */,
				3AE78DD919D6839100C008EF /* JsonDiskCache.h */,
				3AE78DD719D6836600C008EF /* JsonDiskCache.m */,
				3AE56B5719D54E22000CF0CB /* TwitterLite-Bridging-Header.h */,
			);
			name = API;
			sourceTree = "<group>";
		};
		E77ACA8BC8834284B68173DE /* Frameworks */ = {
			isa = PBXGroup;
			children = (
				3AFA8E7219E1E1A100FE0065 /* CoreImage.framework */,
				BFC9A89D9C664C748C17B06E /* libPods.a */,
			);
			name = Frameworks;
			sourceTree = "<group>";
		};
/* End PBXGroup section */

/* Begin PBXNativeTarget section */
		3AE56B0F19D292C9000CF0CB /* TwitterLite */ = {
			isa = PBXNativeTarget;
			buildConfigurationList = 3AE56B2F19D292CA000CF0CB /* Build configuration list for PBXNativeTarget "TwitterLite" */;
			buildPhases = (
				3F6243A291B64F8D8CB54DAB /* Check Pods Manifest.lock */,
				3AE56B0C19D292C9000CF0CB /* Sources */,
				3AE56B0D19D292C9000CF0CB /* Frameworks */,
				3AE56B0E19D292C9000CF0CB /* Resources */,
				C707B578640C400FAF6405C2 /* Copy Pods Resources */,
			);
			buildRules = (
			);
			dependencies = (
			);
			name = TwitterLite;
			productName = TwitterLite;
			productReference = 3AE56B1019D292C9000CF0CB /* TwitterLite.app */;
			productType = "com.apple.product-type.application";
		};
		3AE56B2419D292CA000CF0CB /* TwitterLiteTests */ = {
			isa = PBXNativeTarget;
			buildConfigurationList = 3AE56B3219D292CA000CF0CB /* Build configuration list for PBXNativeTarget "TwitterLiteTests" */;
			buildPhases = (
				3AE56B2119D292CA000CF0CB /* Sources */,
				3AE56B2219D292CA000CF0CB /* Frameworks */,
				3AE56B2319D292CA000CF0CB /* Resources */,
			);
			buildRules = (
			);
			dependencies = (
				3AE56B2719D292CA000CF0CB /* PBXTargetDependency */,
			);
			name = TwitterLiteTests;
			productName = TwitterLiteTests;
			productReference = 3AE56B2519D292CA000CF0CB /* TwitterLiteTests.xctest */;
			productType = "com.apple.product-type.bundle.unit-test";
		};
/* End PBXNativeTarget section */

/* Begin PBXProject section */
		3AE56B0819D292C9000CF0CB /* Project object */ = {
			isa = PBXProject;
			attributes = {
				LastUpgradeCheck = 0600;
				ORGANIZATIONNAME = "Yili Aiwazian";
				TargetAttributes = {
					3AE56B0F19D292C9000CF0CB = {
						CreatedOnToolsVersion = 6.0;
					};
					3AE56B2419D292CA000CF0CB = {
						CreatedOnToolsVersion = 6.0;
						TestTargetID = 3AE56B0F19D292C9000CF0CB;
					};
				};
			};
			buildConfigurationList = 3AE56B0B19D292C9000CF0CB /* Build configuration list for PBXProject "TwitterLite" */;
			compatibilityVersion = "Xcode 3.2";
			developmentRegion = English;
			hasScannedForEncodings = 0;
			knownRegions = (
				en,
				Base,
			);
			mainGroup = 3AE56B0719D292C9000CF0CB;
			productRefGroup = 3AE56B1119D292C9000CF0CB /* Products */;
			projectDirPath = "";
			projectRoot = "";
			targets = (
				3AE56B0F19D292C9000CF0CB /* TwitterLite */,
				3AE56B2419D292CA000CF0CB /* TwitterLiteTests */,
			);
		};
/* End PBXProject section */

/* Begin PBXResourcesBuildPhase section */
		3AE56B0E19D292C9000CF0CB /* Resources */ = {
			isa = PBXResourcesBuildPhase;
			buildActionMask = 2147483647;
			files = (
				3AE56B4919D408CE000CF0CB /* TweetItemViewController.xib in Resources */,
				3A44F9EF19DBC39A00CC8FB7 /* ImageViewController.xib in Resources */,
				3AA78A0419E0D2CD00404C9F /* TimelineViewController.xib in Resources */,
				3AE56B4D19D4135E000CF0CB /* LogInViewController.xib in Resources */,
				3A660E7619E35BDB00D7E952 /* LaunchScreen.xib in Resources */,
				3A4896EF19D8F849008E522C /* ProgressTableViewCell.xib in Resources */,
				3AA789FC19E08B8800404C9F /* ContainerViewController.xib in Resources */,
				3AA78A0819E0E92500404C9F /* ProfileHeaderView.xib in Resources */,
				3AA78A0019E08BF600404C9F /* MenuViewController.xib in Resources */,
				3AE56B5119D4C54C000CF0CB /* ComposeViewController.xib in Resources */,
				3AE56B1D19D292C9000CF0CB /* Images.xcassets in Resources */,
				3AE56B3919D29455000CF0CB /* TweetTableViewCell.xib in Resources */,
			);
			runOnlyForDeploymentPostprocessing = 0;
		};
		3AE56B2319D292CA000CF0CB /* Resources */ = {
			isa = PBXResourcesBuildPhase;
			buildActionMask = 2147483647;
			files = (
			);
			runOnlyForDeploymentPostprocessing = 0;
		};
/* End PBXResourcesBuildPhase section */

/* Begin PBXShellScriptBuildPhase section */
		3F6243A291B64F8D8CB54DAB /* Check Pods Manifest.lock */ = {
			isa = PBXShellScriptBuildPhase;
			buildActionMask = 2147483647;
			files = (
			);
			inputPaths = (
			);
			name = "Check Pods Manifest.lock";
			outputPaths = (
			);
			runOnlyForDeploymentPostprocessing = 0;
			shellPath = /bin/sh;
			shellScript = "diff \"${PODS_ROOT}/../Podfile.lock\" \"${PODS_ROOT}/Manifest.lock\" > /dev/null\nif [[ $? != 0 ]] ; then\n    cat << EOM\nerror: The sandbox is not in sync with the Podfile.lock. Run 'pod install' or update your CocoaPods installation.\nEOM\n    exit 1\nfi\n";
			showEnvVarsInLog = 0;
		};
		C707B578640C400FAF6405C2 /* Copy Pods Resources */ = {
			isa = PBXShellScriptBuildPhase;
			buildActionMask = 2147483647;
			files = (
			);
			inputPaths = (
			);
			name = "Copy Pods Resources";
			outputPaths = (
			);
			runOnlyForDeploymentPostprocessing = 0;
			shellPath = /bin/sh;
			shellScript = "\"${SRCROOT}/Pods/Pods-resources.sh\"\n";
			showEnvVarsInLog = 0;
		};
/* End PBXShellScriptBuildPhase section */

/* Begin PBXSourcesBuildPhase section */
		3AE56B0C19D292C9000CF0CB /* Sources */ = {
			isa = PBXSourcesBuildPhase;
			buildActionMask = 2147483647;
			files = (
				3A4896F219D8FED0008E522C /* NSDate+Extentions.swift in Sources */,
				3A4896EC19D8E0B4008E522C /* StatusArray.swift in Sources */,
				3AE56B5619D54DAD000CF0CB /* TwitterLiteClient.swift in Sources */,
				3A44F9EE19DBC39A00CC8FB7 /* ImageViewController.swift in Sources */,
				3A4896F019D8F849008E522C /* ProgressTableViewCell.swift in Sources */,
				3AE56B1619D292C9000CF0CB /* AppDelegate.swift in Sources */,
				3A9D8F4919D79159009B741A /* UIImageView+Extensions.swift in Sources */,
				3AA78A0619E0E90A00404C9F /* ProfileHeaderView.swift in Sources */,
				3A1A503919E2004D005AFD4C /* Int+Extentions.swift in Sources */,
				3AA78A0319E0D2CD00404C9F /* TimelineViewController.swift in Sources */,
				3AE56B3819D29455000CF0CB /* TweetTableViewCell.swift in Sources */,
				3A44F9E719DA8CC100CC8FB7 /* URL.swift in Sources */,
				3AE78DC319D6549200C008EF /* Status.swift in Sources */,
				3AE78DC519D6558A00C008EF /* User.swift in Sources */,
				3AE56B5019D4C54C000CF0CB /* ComposeViewController.swift in Sources */,
				3A9D8F4B19D79216009B741A /* NSURL+Extensions.swift in Sources */,
				3AA789FF19E08BF600404C9F /* MenuViewController.swift in Sources */,
				3AE78DD819D6836600C008EF /* JsonDiskCache.m in Sources */,
				3AE56B4C19D4135E000CF0CB /* LogInViewController.swift in Sources */,
				3AA789FB19E08B8800404C9F /* ContainerViewController.swift in Sources */,
				3AE56B4819D408CE000CF0CB /* TweetItemViewController.swift in Sources */,
			);
			runOnlyForDeploymentPostprocessing = 0;
		};
		3AE56B2119D292CA000CF0CB /* Sources */ = {
			isa = PBXSourcesBuildPhase;
			buildActionMask = 2147483647;
			files = (
				3AE56B2C19D292CA000CF0CB /* TwitterLiteTests.swift in Sources */,
			);
			runOnlyForDeploymentPostprocessing = 0;
		};
/* End PBXSourcesBuildPhase section */

/* Begin PBXTargetDependency section */
		3AE56B2719D292CA000CF0CB /* PBXTargetDependency */ = {
			isa = PBXTargetDependency;
			target = 3AE56B0F19D292C9000CF0CB /* TwitterLite */;
			targetProxy = 3AE56B2619D292CA000CF0CB /* PBXContainerItemProxy */;
		};
/* End PBXTargetDependency section */

/* Begin XCBuildConfiguration section */
		3AE56B2D19D292CA000CF0CB /* Debug */ = {
			isa = XCBuildConfiguration;
			buildSettings = {
				ALWAYS_SEARCH_USER_PATHS = NO;
				CLANG_CXX_LANGUAGE_STANDARD = "gnu++0x";
				CLANG_CXX_LIBRARY = "libc++";
				CLANG_ENABLE_MODULES = YES;
				CLANG_ENABLE_OBJC_ARC = YES;
				CLANG_WARN_BOOL_CONVERSION = YES;
				CLANG_WARN_CONSTANT_CONVERSION = YES;
				CLANG_WARN_DIRECT_OBJC_ISA_USAGE = YES_ERROR;
				CLANG_WARN_EMPTY_BODY = YES;
				CLANG_WARN_ENUM_CONVERSION = YES;
				CLANG_WARN_INT_CONVERSION = YES;
				CLANG_WARN_OBJC_ROOT_CLASS = YES_ERROR;
				CLANG_WARN_UNREACHABLE_CODE = YES;
				CLANG_WARN__DUPLICATE_METHOD_MATCH = YES;
				"CODE_SIGN_IDENTITY[sdk=iphoneos*]" = "iPhone Developer";
				COPY_PHASE_STRIP = NO;
				ENABLE_STRICT_OBJC_MSGSEND = YES;
				GCC_C_LANGUAGE_STANDARD = gnu99;
				GCC_DYNAMIC_NO_PIC = NO;
				GCC_OPTIMIZATION_LEVEL = 0;
				GCC_PREPROCESSOR_DEFINITIONS = (
					"DEBUG=1",
					"$(inherited)",
				);
				GCC_SYMBOLS_PRIVATE_EXTERN = NO;
				GCC_WARN_64_TO_32_BIT_CONVERSION = YES;
				GCC_WARN_ABOUT_RETURN_TYPE = YES_ERROR;
				GCC_WARN_UNDECLARED_SELECTOR = YES;
				GCC_WARN_UNINITIALIZED_AUTOS = YES_AGGRESSIVE;
				GCC_WARN_UNUSED_FUNCTION = YES;
				GCC_WARN_UNUSED_VARIABLE = YES;
				IPHONEOS_DEPLOYMENT_TARGET = 8.0;
				MTL_ENABLE_DEBUG_INFO = YES;
				ONLY_ACTIVE_ARCH = YES;
				SDKROOT = iphoneos;
				SWIFT_OPTIMIZATION_LEVEL = "-Onone";
			};
			name = Debug;
		};
		3AE56B2E19D292CA000CF0CB /* Release */ = {
			isa = XCBuildConfiguration;
			buildSettings = {
				ALWAYS_SEARCH_USER_PATHS = NO;
				CLANG_CXX_LANGUAGE_STANDARD = "gnu++0x";
				CLANG_CXX_LIBRARY = "libc++";
				CLANG_ENABLE_MODULES = YES;
				CLANG_ENABLE_OBJC_ARC = YES;
				CLANG_WARN_BOOL_CONVERSION = YES;
				CLANG_WARN_CONSTANT_CONVERSION = YES;
				CLANG_WARN_DIRECT_OBJC_ISA_USAGE = YES_ERROR;
				CLANG_WARN_EMPTY_BODY = YES;
				CLANG_WARN_ENUM_CONVERSION = YES;
				CLANG_WARN_INT_CONVERSION = YES;
				CLANG_WARN_OBJC_ROOT_CLASS = YES_ERROR;
				CLANG_WARN_UNREACHABLE_CODE = YES;
				CLANG_WARN__DUPLICATE_METHOD_MATCH = YES;
				"CODE_SIGN_IDENTITY[sdk=iphoneos*]" = "iPhone Developer";
				COPY_PHASE_STRIP = YES;
				ENABLE_NS_ASSERTIONS = NO;
				ENABLE_STRICT_OBJC_MSGSEND = YES;
				GCC_C_LANGUAGE_STANDARD = gnu99;
				GCC_WARN_64_TO_32_BIT_CONVERSION = YES;
				GCC_WARN_ABOUT_RETURN_TYPE = YES_ERROR;
				GCC_WARN_UNDECLARED_SELECTOR = YES;
				GCC_WARN_UNINITIALIZED_AUTOS = YES_AGGRESSIVE;
				GCC_WARN_UNUSED_FUNCTION = YES;
				GCC_WARN_UNUSED_VARIABLE = YES;
				IPHONEOS_DEPLOYMENT_TARGET = 8.0;
				MTL_ENABLE_DEBUG_INFO = NO;
				SDKROOT = iphoneos;
				VALIDATE_PRODUCT = YES;
			};
			name = Release;
		};
		3AE56B3019D292CA000CF0CB /* Debug */ = {
			isa = XCBuildConfiguration;
			baseConfigurationReference = 90498C6D4447471C889746A6 /* Pods.xcconfig */;
			buildSettings = {
				ASSETCATALOG_COMPILER_APPICON_NAME = AppIcon;
				CLANG_ENABLE_MODULES = YES;
				INFOPLIST_FILE = TwitterLite/Info.plist;
				LD_RUNPATH_SEARCH_PATHS = "$(inherited) @executable_path/Frameworks";
				PRODUCT_NAME = "$(TARGET_NAME)";
				SWIFT_OBJC_BRIDGING_HEADER = "TwitterLite/TwitterLite-Bridging-Header.h";
				SWIFT_OPTIMIZATION_LEVEL = "-Onone";
			};
			name = Debug;
		};
		3AE56B3119D292CA000CF0CB /* Release */ = {
			isa = XCBuildConfiguration;
			baseConfigurationReference = 90498C6D4447471C889746A6 /* Pods.xcconfig */;
			buildSettings = {
				ASSETCATALOG_COMPILER_APPICON_NAME = AppIcon;
				CLANG_ENABLE_MODULES = YES;
				INFOPLIST_FILE = TwitterLite/Info.plist;
				LD_RUNPATH_SEARCH_PATHS = "$(inherited) @executable_path/Frameworks";
				PRODUCT_NAME = "$(TARGET_NAME)";
				SWIFT_OBJC_BRIDGING_HEADER = "TwitterLite/TwitterLite-Bridging-Header.h";
			};
			name = Release;
		};
		3AE56B3319D292CA000CF0CB /* Debug */ = {
			isa = XCBuildConfiguration;
			buildSettings = {
				BUNDLE_LOADER = "$(TEST_HOST)";
				FRAMEWORK_SEARCH_PATHS = (
					"$(SDKROOT)/Developer/Library/Frameworks",
					"$(inherited)",
				);
				GCC_PREPROCESSOR_DEFINITIONS = (
					"DEBUG=1",
					"$(inherited)",
				);
				INFOPLIST_FILE = TwitterLiteTests/Info.plist;
				LD_RUNPATH_SEARCH_PATHS = "$(inherited) @executable_path/Frameworks @loader_path/Frameworks";
				PRODUCT_NAME = "$(TARGET_NAME)";
				TEST_HOST = "$(BUILT_PRODUCTS_DIR)/TwitterLite.app/TwitterLite";
			};
			name = Debug;
		};
		3AE56B3419D292CA000CF0CB /* Release */ = {
			isa = XCBuildConfiguration;
			buildSettings = {
				BUNDLE_LOADER = "$(TEST_HOST)";
				FRAMEWORK_SEARCH_PATHS = (
					"$(SDKROOT)/Developer/Library/Frameworks",
					"$(inherited)",
				);
				INFOPLIST_FILE = TwitterLiteTests/Info.plist;
				LD_RUNPATH_SEARCH_PATHS = "$(inherited) @executable_path/Frameworks @loader_path/Frameworks";
				PRODUCT_NAME = "$(TARGET_NAME)";
				TEST_HOST = "$(BUILT_PRODUCTS_DIR)/TwitterLite.app/TwitterLite";
			};
			name = Release;
		};
/* End XCBuildConfiguration section */

/* Begin XCConfigurationList section */
		3AE56B0B19D292C9000CF0CB /* Build configuration list for PBXProject "TwitterLite" */ = {
			isa = XCConfigurationList;
			buildConfigurations = (
				3AE56B2D19D292CA000CF0CB /* Debug */,
				3AE56B2E19D292CA000CF0CB /* Release */,
			);
			defaultConfigurationIsVisible = 0;
			defaultConfigurationName = Release;
		};
		3AE56B2F19D292CA000CF0CB /* Build configuration list for PBXNativeTarget "TwitterLite" */ = {
			isa = XCConfigurationList;
			buildConfigurations = (
				3AE56B3019D292CA000CF0CB /* Debug */,
				3AE56B3119D292CA000CF0CB /* Release */,
			);
			defaultConfigurationIsVisible = 0;
			defaultConfigurationName = Release;
		};
		3AE56B3219D292CA000CF0CB /* Build configuration list for PBXNativeTarget "TwitterLiteTests" */ = {
			isa = XCConfigurationList;
			buildConfigurations = (
				3AE56B3319D292CA000CF0CB /* Debug */,
				3AE56B3419D292CA000CF0CB /* Release */,
			);
			defaultConfigurationIsVisible = 0;
			defaultConfigurationName = Release;
		};
/* End XCConfigurationList section */
	};
	rootObject = 3AE56B0819D292C9000CF0CB /* Project object */;
}
